{
  "nodes": {
    "nixpkgs": {
      "locked": {
        "lastModified": 1744404076,
        "narHash": "sha256-vRUFEm+zTa/kW/5IhGdpGyt6uAshpm5B+idx8C53GMM=",
        "owner": "NixOS",
        "repo": "nixpkgs",
        "rev": "ae37201d49daa166e72b09b334cd9453877fa95a",
        "type": "github"
      },
      "original": {
        "owner": "NixOS",
        "ref": "nixos-24.11-small",
        "repo": "nixpkgs",
        "type": "github"
      }
    },
    "root": {
      "inputs": {
        "nixpkgs": "nixpkgs"
      }
    }
  },
  "root": "root",
  "version": 7
}
